
Microsoft Visual Studio Solution File, Format Version 12.00
# Visual Studio Version 17
VisualStudioVersion = 17.14.36310.24 d17.14
MinimumVisualStudioVersion = 10.0.40219.1
Project("{FAE04EC0-301F-11D3-BF4B-00C04F79EFBC}") = "DemoDayCQRSProject", "DemoDayCQRSProject\DemoDayCQRSProject.csproj", "{13A68E46-2F48-407F-A430-37E41ABB70A0}"
EndProject
Global
	GlobalSection(SolutionConfigurationPlatforms) = preSolution
		Debug|Any CPU = Debug|Any CPU
		Release|Any CPU = Release|Any CPU
	EndGlobalSection
	GlobalSection(ProjectConfigurationPlatforms) = postSolution
		{13A68E46-2F48-407F-A430-37E41ABB70A0}.Debug|Any CPU.ActiveCfg = Debug|Any CPU
		{13A68E46-2F48-407F-A430-37E41ABB70A0}.Debug|Any CPU.Build.0 = Debug|Any CPU
		{13A68E46-2F48-407F-A430-37E41ABB70A0}.Release|Any CPU.ActiveCfg = Release|Any CPU
		{13A68E46-2F48-407F-A430-37E41ABB70A0}.Release|Any CPU.Build.0 = Release|Any CPU
	EndGlobalSection
	GlobalSection(SolutionProperties) = preSolution
		HideSolutionNode = FALSE
	EndGlobalSection
	GlobalSection(ExtensibilityGlobals) = postSolution
		SolutionGuid = {42BFC79D-714E-4284-8D76-36E523B7D07C}
	EndGlobalSection
EndGlobal
